// !$*UTF8*$!
{
	archiveVersion = 1;
	classes = {
	};
	objectVersion = 56;
	objects = {

/* Begin PBXBuildFile section */
		840E02592BEF420800D23270 /* pureSoftware_DemoApp.swift in Sources */ = {isa = PBXBuildFile; fileRef = 840E02582BEF420800D23270 /* pureSoftware_DemoApp.swift */; };
		840E025D2BEF420C00D23270 /* Assets.xcassets in Resources */ = {isa = PBXBuildFile; fileRef = 840E025C2BEF420C00D23270 /* Assets.xcassets */; };
		840E02602BEF420C00D23270 /* Preview Assets.xcassets in Resources */ = {isa = PBXBuildFile; fileRef = 840E025F2BEF420C00D23270 /* Preview Assets.xcassets */; };
		840E026F2BEF420C00D23270 /* pureSoftware_DemoTests.swift in Sources */ = {isa = PBXBuildFile; fileRef = 840E026E2BEF420C00D23270 /* pureSoftware_DemoTests.swift */; };
		840E02792BEF420C00D23270 /* pureSoftware_DemoUITests.swift in Sources */ = {isa = PBXBuildFile; fileRef = 840E02782BEF420C00D23270 /* pureSoftware_DemoUITests.swift */; };
		840E027B2BEF420C00D23270 /* pureSoftware_DemoUITestsLaunchTests.swift in Sources */ = {isa = PBXBuildFile; fileRef = 840E027A2BEF420C00D23270 /* pureSoftware_DemoUITestsLaunchTests.swift */; };
		840E02952BEF493400D23270 /* ProductViewModel.swift in Sources */ = {isa = PBXBuildFile; fileRef = 840E02942BEF493400D23270 /* ProductViewModel.swift */; };
		840E02962BEF493500D23270 /* ProductViewModel.swift in Sources */ = {isa = PBXBuildFile; fileRef = 840E02942BEF493400D23270 /* ProductViewModel.swift */; };
		840E02972BEF493500D23270 /* ProductViewModel.swift in Sources */ = {isa = PBXBuildFile; fileRef = 840E02942BEF493400D23270 /* ProductViewModel.swift */; };
		840E02992BEF496300D23270 /* CartViewModel.swift in Sources */ = {isa = PBXBuildFile; fileRef = 840E02982BEF496300D23270 /* CartViewModel.swift */; };
		840E029A2BEF496300D23270 /* CartViewModel.swift in Sources */ = {isa = PBXBuildFile; fileRef = 840E02982BEF496300D23270 /* CartViewModel.swift */; };
		840E029B2BEF496300D23270 /* CartViewModel.swift in Sources */ = {isa = PBXBuildFile; fileRef = 840E02982BEF496300D23270 /* CartViewModel.swift */; };
		840E029D2BEF499400D23270 /* ProductListView.swift in Sources */ = {isa = PBXBuildFile; fileRef = 840E029C2BEF499400D23270 /* ProductListView.swift */; };
		840E029E2BEF499400D23270 /* ProductListView.swift in Sources */ = {isa = PBXBuildFile; fileRef = 840E029C2BEF499400D23270 /* ProductListView.swift */; };
		840E029F2BEF499400D23270 /* ProductListView.swift in Sources */ = {isa = PBXBuildFile; fileRef = 840E029C2BEF499400D23270 /* ProductListView.swift */; };
		840E02A12BEF49C000D23270 /* ProductDetailsView.swift in Sources */ = {isa = PBXBuildFile; fileRef = 840E02A02BEF49C000D23270 /* ProductDetailsView.swift */; };
		840E02A52BEF49DF00D23270 /* CartView.swift in Sources */ = {isa = PBXBuildFile; fileRef = 840E02A42BEF49DF00D23270 /* CartView.swift */; };
		840E02A62BEF49DF00D23270 /* CartView.swift in Sources */ = {isa = PBXBuildFile; fileRef = 840E02A42BEF49DF00D23270 /* CartView.swift */; };
		840E02A72BEF49E000D23270 /* CartView.swift in Sources */ = {isa = PBXBuildFile; fileRef = 840E02A42BEF49DF00D23270 /* CartView.swift */; };
		840E02A92BEF4A0500D23270 /* ContentView.swift in Sources */ = {isa = PBXBuildFile; fileRef = 840E02A82BEF4A0500D23270 /* ContentView.swift */; };
		840E02AA2BEF4A0500D23270 /* ContentView.swift in Sources */ = {isa = PBXBuildFile; fileRef = 840E02A82BEF4A0500D23270 /* ContentView.swift */; };
		840E02AB2BEF4A0500D23270 /* ContentView.swift in Sources */ = {isa = PBXBuildFile; fileRef = 840E02A82BEF4A0500D23270 /* ContentView.swift */; };
		8412B4D52BEF7A6100806457 /* pureSoftware_Demo.xcdatamodeld in Sources */ = {isa = PBXBuildFile; fileRef = 840E02632BEF420C00D23270 /* pureSoftware_Demo.xcdatamodeld */; };
		841D30822BEFE1B000D1C8EF /* pureSoftware_Demo.xcdatamodeld in Sources */ = {isa = PBXBuildFile; fileRef = 840E02632BEF420C00D23270 /* pureSoftware_Demo.xcdatamodeld */; };
		841D30832BEFE1D500D1C8EF /* CoreDataStack.swift in Sources */ = {isa = PBXBuildFile; fileRef = 840E02882BEF444900D23270 /* CoreDataStack.swift */; };
		841D30852BEFE21500D1C8EF /* CoreDataStack.swift in Sources */ = {isa = PBXBuildFile; fileRef = 840E02882BEF444900D23270 /* CoreDataStack.swift */; };
		841D30862BEFE90B00D1C8EF /* CoreDataStackTest.swift in Sources */ = {isa = PBXBuildFile; fileRef = 844EBCF72BEFDC570063A33D /* CoreDataStackTest.swift */; };
		841D30872BEFE9C900D1C8EF /* CoreDataStack.swift in Sources */ = {isa = PBXBuildFile; fileRef = 840E02882BEF444900D23270 /* CoreDataStack.swift */; };
		841D30882BEFE9ED00D1C8EF /* pureSoftware_Demo.xcdatamodeld in Sources */ = {isa = PBXBuildFile; fileRef = 840E02632BEF420C00D23270 /* pureSoftware_Demo.xcdatamodeld */; };
		841D30892BEFEA0500D1C8EF /* ProductDetailsView.swift in Sources */ = {isa = PBXBuildFile; fileRef = 840E02A02BEF49C000D23270 /* ProductDetailsView.swift */; };
		841D308A2BEFEA0800D1C8EF /* ProductDetailsView.swift in Sources */ = {isa = PBXBuildFile; fileRef = 840E02A02BEF49C000D23270 /* ProductDetailsView.swift */; };
		841D308B2BEFEA1800D1C8EF /* pureSoftware_DemoApp.swift in Sources */ = {isa = PBXBuildFile; fileRef = 840E02582BEF420800D23270 /* pureSoftware_DemoApp.swift */; };
		841D308C2BEFEA2500D1C8EF /* pureSoftware-Demo-Info.plist in Resources */ = {isa = PBXBuildFile; fileRef = 8412B4D42BEF77D700806457 /* pureSoftware-Demo-Info.plist */; };
		841D308D2BEFEA2600D1C8EF /* pureSoftware-Demo-Info.plist in Resources */ = {isa = PBXBuildFile; fileRef = 8412B4D42BEF77D700806457 /* pureSoftware-Demo-Info.plist */; };
		841D308E2BEFEA2700D1C8EF /* pureSoftware-Demo-Info.plist in Resources */ = {isa = PBXBuildFile; fileRef = 8412B4D42BEF77D700806457 /* pureSoftware-Demo-Info.plist */; };
		841D308F2BEFEA2B00D1C8EF /* Assets.xcassets in Resources */ = {isa = PBXBuildFile; fileRef = 840E025C2BEF420C00D23270 /* Assets.xcassets */; };
		841D30902BEFEA2B00D1C8EF /* Assets.xcassets in Resources */ = {isa = PBXBuildFile; fileRef = 840E025C2BEF420C00D23270 /* Assets.xcassets */; };
		841D30912BEFEA3200D1C8EF /* Preview Assets.xcassets in Resources */ = {isa = PBXBuildFile; fileRef = 840E025F2BEF420C00D23270 /* Preview Assets.xcassets */; };
		841D30922BEFEA3300D1C8EF /* Preview Assets.xcassets in Resources */ = {isa = PBXBuildFile; fileRef = 840E025F2BEF420C00D23270 /* Preview Assets.xcassets */; };
		841D30942BEFEAAE00D1C8EF /* pureSoftware_DemoAppTest.swift in Sources */ = {isa = PBXBuildFile; fileRef = 841D30932BEFEAAE00D1C8EF /* pureSoftware_DemoAppTest.swift */; };
		841D30952BEFEAAE00D1C8EF /* pureSoftware_DemoAppTest.swift in Sources */ = {isa = PBXBuildFile; fileRef = 841D30932BEFEAAE00D1C8EF /* pureSoftware_DemoAppTest.swift */; };
		841D30982BEFEB1F00D1C8EF /* CartViewModelTest.swift in Sources */ = {isa = PBXBuildFile; fileRef = 841D30972BEFEB1F00D1C8EF /* CartViewModelTest.swift */; };
		841D30992BEFEB1F00D1C8EF /* CartViewModelTest.swift in Sources */ = {isa = PBXBuildFile; fileRef = 841D30972BEFEB1F00D1C8EF /* CartViewModelTest.swift */; };
		841D309B2BEFEB3500D1C8EF /* ProductViewModelTest.swift in Sources */ = {isa = PBXBuildFile; fileRef = 841D309A2BEFEB3500D1C8EF /* ProductViewModelTest.swift */; };
		841D309C2BEFEB3500D1C8EF /* ProductViewModelTest.swift in Sources */ = {isa = PBXBuildFile; fileRef = 841D309A2BEFEB3500D1C8EF /* ProductViewModelTest.swift */; };
		841D309F2BEFEB7300D1C8EF /* CartViewTest.swift in Sources */ = {isa = PBXBuildFile; fileRef = 841D309E2BEFEB7300D1C8EF /* CartViewTest.swift */; };
		841D30A02BEFEB7300D1C8EF /* CartViewTest.swift in Sources */ = {isa = PBXBuildFile; fileRef = 841D309E2BEFEB7300D1C8EF /* CartViewTest.swift */; };
		841D30A22BEFEB8A00D1C8EF /* ContentViewTest.swift in Sources */ = {isa = PBXBuildFile; fileRef = 841D30A12BEFEB8A00D1C8EF /* ContentViewTest.swift */; };
		841D30A32BEFEB8A00D1C8EF /* ContentViewTest.swift in Sources */ = {isa = PBXBuildFile; fileRef = 841D30A12BEFEB8A00D1C8EF /* ContentViewTest.swift */; };
		841D30A52BEFEBA500D1C8EF /* ProductDetailsViewTest.swift in Sources */ = {isa = PBXBuildFile; fileRef = 841D30A42BEFEBA500D1C8EF /* ProductDetailsViewTest.swift */; };
		841D30A62BEFEBA500D1C8EF /* ProductDetailsViewTest.swift in Sources */ = {isa = PBXBuildFile; fileRef = 841D30A42BEFEBA500D1C8EF /* ProductDetailsViewTest.swift */; };
		841D30A82BEFEBBC00D1C8EF /* ProductListViewTest.swift in Sources */ = {isa = PBXBuildFile; fileRef = 841D30A72BEFEBBC00D1C8EF /* ProductListViewTest.swift */; };
		841D30A92BEFEBBC00D1C8EF /* ProductListViewTest.swift in Sources */ = {isa = PBXBuildFile; fileRef = 841D30A72BEFEBBC00D1C8EF /* ProductListViewTest.swift */; };
		844EBCF32BEFDB730063A33D /* pureSoftware_DemoApp.swift in Sources */ = {isa = PBXBuildFile; fileRef = 840E02582BEF420800D23270 /* pureSoftware_DemoApp.swift */; };
		844EBCFB2BEFDD290063A33D /* CoreDataStackTest.swift in Sources */ = {isa = PBXBuildFile; fileRef = 844EBCF72BEFDC570063A33D /* CoreDataStackTest.swift */; };
/* End PBXBuildFile section */

/* Begin PBXContainerItemProxy section */
		840E026B2BEF420C00D23270 /* PBXContainerItemProxy */ = {
			isa = PBXContainerItemProxy;
			containerPortal = 840E024D2BEF420800D23270 /* Project object */;
			proxyType = 1;
			remoteGlobalIDString = 840E02542BEF420800D23270;
			remoteInfo = pureSoftware_Demo;
		};
		840E02752BEF420C00D23270 /* PBXContainerItemProxy */ = {
			isa = PBXContainerItemProxy;
			containerPortal = 840E024D2BEF420800D23270 /* Project object */;
			proxyType = 1;
			remoteGlobalIDString = 840E02542BEF420800D23270;
			remoteInfo = pureSoftware_Demo;
		};
/* End PBXContainerItemProxy section */

/* Begin PBXFileReference section */
		840E02552BEF420800D23270 /* pureSoftware_Demo.app */ = {isa = PBXFileReference; explicitFileType = wrapper.application; includeInIndex = 0; path = pureSoftware_Demo.app; sourceTree = BUILT_PRODUCTS_DIR; };
		840E02582BEF420800D23270 /* pureSoftware_DemoApp.swift */ = {isa = PBXFileReference; lastKnownFileType = sourcecode.swift; path = pureSoftware_DemoApp.swift; sourceTree = "<group>"; };
		840E025C2BEF420C00D23270 /* Assets.xcassets */ = {isa = PBXFileReference; lastKnownFileType = folder.assetcatalog; path = Assets.xcassets; sourceTree = "<group>"; };
		840E025F2BEF420C00D23270 /* Preview Assets.xcassets */ = {isa = PBXFileReference; lastKnownFileType = folder.assetcatalog; path = "Preview Assets.xcassets"; sourceTree = "<group>"; };
		840E02642BEF420C00D23270 /* pureSoftware_Demo.xcdatamodel */ = {isa = PBXFileReference; lastKnownFileType = wrapper.xcdatamodel; path = pureSoftware_Demo.xcdatamodel; sourceTree = "<group>"; };
		840E026A2BEF420C00D23270 /* pureSoftware_DemoTests.xctest */ = {isa = PBXFileReference; explicitFileType = wrapper.cfbundle; includeInIndex = 0; path = pureSoftware_DemoTests.xctest; sourceTree = BUILT_PRODUCTS_DIR; };
		840E026E2BEF420C00D23270 /* pureSoftware_DemoTests.swift */ = {isa = PBXFileReference; lastKnownFileType = sourcecode.swift; path = pureSoftware_DemoTests.swift; sourceTree = "<group>"; };
		840E02742BEF420C00D23270 /* pureSoftware_DemoUITests.xctest */ = {isa = PBXFileReference; explicitFileType = wrapper.cfbundle; includeInIndex = 0; path = pureSoftware_DemoUITests.xctest; sourceTree = BUILT_PRODUCTS_DIR; };
		840E02782BEF420C00D23270 /* pureSoftware_DemoUITests.swift */ = {isa = PBXFileReference; lastKnownFileType = sourcecode.swift; path = pureSoftware_DemoUITests.swift; sourceTree = "<group>"; };
		840E027A2BEF420C00D23270 /* pureSoftware_DemoUITestsLaunchTests.swift */ = {isa = PBXFileReference; lastKnownFileType = sourcecode.swift; path = pureSoftware_DemoUITestsLaunchTests.swift; sourceTree = "<group>"; };
		840E02882BEF444900D23270 /* CoreDataStack.swift */ = {isa = PBXFileReference; lastKnownFileType = sourcecode.swift; path = CoreDataStack.swift; sourceTree = "<group>"; };
		840E02942BEF493400D23270 /* ProductViewModel.swift */ = {isa = PBXFileReference; lastKnownFileType = sourcecode.swift; path = ProductViewModel.swift; sourceTree = "<group>"; };
		840E02982BEF496300D23270 /* CartViewModel.swift */ = {isa = PBXFileReference; lastKnownFileType = sourcecode.swift; path = CartViewModel.swift; sourceTree = "<group>"; };
		840E029C2BEF499400D23270 /* ProductListView.swift */ = {isa = PBXFileReference; lastKnownFileType = sourcecode.swift; path = ProductListView.swift; sourceTree = "<group>"; };
		840E02A02BEF49C000D23270 /* ProductDetailsView.swift */ = {isa = PBXFileReference; lastKnownFileType = sourcecode.swift; path = ProductDetailsView.swift; sourceTree = "<group>"; };
		840E02A42BEF49DF00D23270 /* CartView.swift */ = {isa = PBXFileReference; lastKnownFileType = sourcecode.swift; path = CartView.swift; sourceTree = "<group>"; };
		840E02A82BEF4A0500D23270 /* ContentView.swift */ = {isa = PBXFileReference; lastKnownFileType = sourcecode.swift; path = ContentView.swift; sourceTree = "<group>"; };
		8412B4D42BEF77D700806457 /* pureSoftware-Demo-Info.plist */ = {isa = PBXFileReference; lastKnownFileType = text.plist; path = "pureSoftware-Demo-Info.plist"; sourceTree = SOURCE_ROOT; };
		841D30932BEFEAAE00D1C8EF /* pureSoftware_DemoAppTest.swift */ = {isa = PBXFileReference; lastKnownFileType = sourcecode.swift; path = pureSoftware_DemoAppTest.swift; sourceTree = "<group>"; };
		841D30972BEFEB1F00D1C8EF /* CartViewModelTest.swift */ = {isa = PBXFileReference; lastKnownFileType = sourcecode.swift; path = CartViewModelTest.swift; sourceTree = "<group>"; };
		841D309A2BEFEB3500D1C8EF /* ProductViewModelTest.swift */ = {isa = PBXFileReference; lastKnownFileType = sourcecode.swift; path = ProductViewModelTest.swift; sourceTree = "<group>"; };
		841D309E2BEFEB7300D1C8EF /* CartViewTest.swift */ = {isa = PBXFileReference; lastKnownFileType = sourcecode.swift; path = CartViewTest.swift; sourceTree = "<group>"; };
		841D30A12BEFEB8A00D1C8EF /* ContentViewTest.swift */ = {isa = PBXFileReference; lastKnownFileType = sourcecode.swift; path = ContentViewTest.swift; sourceTree = "<group>"; };
		841D30A42BEFEBA500D1C8EF /* ProductDetailsViewTest.swift */ = {isa = PBXFileReference; lastKnownFileType = sourcecode.swift; path = ProductDetailsViewTest.swift; sourceTree = "<group>"; };
		841D30A72BEFEBBC00D1C8EF /* ProductListViewTest.swift */ = {isa = PBXFileReference; lastKnownFileType = sourcecode.swift; path = ProductListViewTest.swift; sourceTree = "<group>"; };
		844EBCF72BEFDC570063A33D /* CoreDataStackTest.swift */ = {isa = PBXFileReference; lastKnownFileType = sourcecode.swift; path = CoreDataStackTest.swift; sourceTree = "<group>"; };
/* End PBXFileReference section */

/* Begin PBXFrameworksBuildPhase section */
		840E02522BEF420800D23270 /* Frameworks */ = {
			isa = PBXFrameworksBuildPhase;
			buildActionMask = 2147483647;
			files = (
			);
			runOnlyForDeploymentPostprocessing = 0;
		};
		840E02672BEF420C00D23270 /* Frameworks */ = {
			isa = PBXFrameworksBuildPhase;
			buildActionMask = 2147483647;
			files = (
			);
			runOnlyForDeploymentPostprocessing = 0;
		};
		840E02712BEF420C00D23270 /* Frameworks */ = {
			isa = PBXFrameworksBuildPhase;
			buildActionMask = 2147483647;
			files = (
			);
			runOnlyForDeploymentPostprocessing = 0;
		};
/* End PBXFrameworksBuildPhase section */

/* Begin PBXGroup section */
		840E024C2BEF420800D23270 = {
			isa = PBXGroup;
			children = (
				840E02572BEF420800D23270 /* pureSoftware_Demo */,
				840E026D2BEF420C00D23270 /* pureSoftware_DemoTests */,
				840E02772BEF420C00D23270 /* pureSoftware_DemoUITests */,
				840E02562BEF420800D23270 /* Products */,
			);
			sourceTree = "<group>";
		};
		840E02562BEF420800D23270 /* Products */ = {
			isa = PBXGroup;
			children = (
				840E02552BEF420800D23270 /* pureSoftware_Demo.app */,
				840E026A2BEF420C00D23270 /* pureSoftware_DemoTests.xctest */,
				840E02742BEF420C00D23270 /* pureSoftware_DemoUITests.xctest */,
			);
			name = Products;
			sourceTree = "<group>";
		};
		840E02572BEF420800D23270 /* pureSoftware_Demo */ = {
			isa = PBXGroup;
			children = (
				844EBCF52BEFDBA10063A33D /* ModelView */,
				840E02872BEF42B100D23270 /* coreData */,
				844EBCF42BEFDB7C0063A33D /* Views */,
				8412B4D42BEF77D700806457 /* pureSoftware-Demo-Info.plist */,
				840E025C2BEF420C00D23270 /* Assets.xcassets */,
				840E02632BEF420C00D23270 /* pureSoftware_Demo.xcdatamodeld */,
				840E025E2BEF420C00D23270 /* Preview Content */,
			);
			path = pureSoftware_Demo;
			sourceTree = "<group>";
		};
		840E025E2BEF420C00D23270 /* Preview Content */ = {
			isa = PBXGroup;
			children = (
				840E025F2BEF420C00D23270 /* Preview Assets.xcassets */,
			);
			path = "Preview Content";
			sourceTree = "<group>";
		};
		840E026D2BEF420C00D23270 /* pureSoftware_DemoTests */ = {
			isa = PBXGroup;
			children = (
				841D309D2BEFEB4300D1C8EF /* ViewTests */,
				841D30962BEFEAFC00D1C8EF /* ModelViewTests */,
				844EBCF62BEFDC050063A33D /* CoreDataUnitTest */,
				840E026E2BEF420C00D23270 /* pureSoftware_DemoTests.swift */,
			);
			path = pureSoftware_DemoTests;
			sourceTree = "<group>";
		};
		840E02772BEF420C00D23270 /* pureSoftware_DemoUITests */ = {
			isa = PBXGroup;
			children = (
				840E02782BEF420C00D23270 /* pureSoftware_DemoUITests.swift */,
				840E027A2BEF420C00D23270 /* pureSoftware_DemoUITestsLaunchTests.swift */,
			);
			path = pureSoftware_DemoUITests;
			sourceTree = "<group>";
		};
		840E02872BEF42B100D23270 /* coreData */ = {
			isa = PBXGroup;
			children = (
				840E02582BEF420800D23270 /* pureSoftware_DemoApp.swift */,
				840E02882BEF444900D23270 /* CoreDataStack.swift */,
			);
			path = coreData;
			sourceTree = "<group>";
		};
		841D30962BEFEAFC00D1C8EF /* ModelViewTests */ = {
			isa = PBXGroup;
			children = (
				841D30972BEFEB1F00D1C8EF /* CartViewModelTest.swift */,
				841D309A2BEFEB3500D1C8EF /* ProductViewModelTest.swift */,
			);
			path = ModelViewTests;
			sourceTree = "<group>";
		};
		841D309D2BEFEB4300D1C8EF /* ViewTests */ = {
			isa = PBXGroup;
			children = (
				841D309E2BEFEB7300D1C8EF /* CartViewTest.swift */,
				841D30A12BEFEB8A00D1C8EF /* ContentViewTest.swift */,
				841D30A42BEFEBA500D1C8EF /* ProductDetailsViewTest.swift */,
				841D30A72BEFEBBC00D1C8EF /* ProductListViewTest.swift */,
			);
			path = ViewTests;
			sourceTree = "<group>";
		};
		844EBCF42BEFDB7C0063A33D /* Views */ = {
			isa = PBXGroup;
			children = (
				840E02A42BEF49DF00D23270 /* CartView.swift */,
				840E02A82BEF4A0500D23270 /* ContentView.swift */,
				840E02A02BEF49C000D23270 /* ProductDetailsView.swift */,
				840E029C2BEF499400D23270 /* ProductListView.swift */,
			);
			path = Views;
			sourceTree = "<group>";
		};
		844EBCF52BEFDBA10063A33D /* ModelView */ = {
			isa = PBXGroup;
			children = (
				840E02982BEF496300D23270 /* CartViewModel.swift */,
				840E02942BEF493400D23270 /* ProductViewModel.swift */,
			);
			path = ModelView;
			sourceTree = "<group>";
		};
		844EBCF62BEFDC050063A33D /* CoreDataUnitTest */ = {
			isa = PBXGroup;
			children = (
				844EBCF72BEFDC570063A33D /* CoreDataStackTest.swift */,
				841D30932BEFEAAE00D1C8EF /* pureSoftware_DemoAppTest.swift */,
			);
			path = CoreDataUnitTest;
			sourceTree = "<group>";
		};
/* End PBXGroup section */

/* Begin PBXNativeTarget section */
		840E02542BEF420800D23270 /* pureSoftware_Demo */ = {
			isa = PBXNativeTarget;
			buildConfigurationList = 840E027E2BEF420C00D23270 /* Build configuration list for PBXNativeTarget "pureSoftware_Demo" */;
			buildPhases = (
				840E02512BEF420800D23270 /* Sources */,
				840E02522BEF420800D23270 /* Frameworks */,
				840E02532BEF420800D23270 /* Resources */,
			);
			buildRules = (
			);
			dependencies = (
			);
			name = pureSoftware_Demo;
			productName = pureSoftware_Demo;
			productReference = 840E02552BEF420800D23270 /* pureSoftware_Demo.app */;
			productType = "com.apple.product-type.application";
		};
		840E02692BEF420C00D23270 /* pureSoftware_DemoTests */ = {
			isa = PBXNativeTarget;
			buildConfigurationList = 840E02812BEF420C00D23270 /* Build configuration list for PBXNativeTarget "pureSoftware_DemoTests" */;
			buildPhases = (
				840E02662BEF420C00D23270 /* Sources */,
				840E02672BEF420C00D23270 /* Frameworks */,
				840E02682BEF420C00D23270 /* Resources */,
			);
			buildRules = (
			);
			dependencies = (
				840E026C2BEF420C00D23270 /* PBXTargetDependency */,
			);
			name = pureSoftware_DemoTests;
			productName = pureSoftware_DemoTests;
			productReference = 840E026A2BEF420C00D23270 /* pureSoftware_DemoTests.xctest */;
			productType = "com.apple.product-type.bundle.unit-test";
		};
		840E02732BEF420C00D23270 /* pureSoftware_DemoUITests */ = {
			isa = PBXNativeTarget;
			buildConfigurationList = 840E02842BEF420C00D23270 /* Build configuration list for PBXNativeTarget "pureSoftware_DemoUITests" */;
			buildPhases = (
				840E02702BEF420C00D23270 /* Sources */,
				840E02712BEF420C00D23270 /* Frameworks */,
				840E02722BEF420C00D23270 /* Resources */,
			);
			buildRules = (
			);
			dependencies = (
				840E02762BEF420C00D23270 /* PBXTargetDependency */,
			);
			name = pureSoftware_DemoUITests;
			productName = pureSoftware_DemoUITests;
			productReference = 840E02742BEF420C00D23270 /* pureSoftware_DemoUITests.xctest */;
			productType = "com.apple.product-type.bundle.ui-testing";
		};
/* End PBXNativeTarget section */

/* Begin PBXProject section */
		840E024D2BEF420800D23270 /* Project object */ = {
			isa = PBXProject;
			attributes = {
				BuildIndependentTargetsInParallel = 1;
				LastSwiftUpdateCheck = 1420;
				LastUpgradeCheck = 1420;
				TargetAttributes = {
					840E02542BEF420800D23270 = {
						CreatedOnToolsVersion = 14.2;
					};
					840E02692BEF420C00D23270 = {
						CreatedOnToolsVersion = 14.2;
						TestTargetID = 840E02542BEF420800D23270;
					};
					840E02732BEF420C00D23270 = {
						CreatedOnToolsVersion = 14.2;
						TestTargetID = 840E02542BEF420800D23270;
					};
				};
			};
			buildConfigurationList = 840E02502BEF420800D23270 /* Build configuration list for PBXProject "pureSoftware_Demo" */;
			compatibilityVersion = "Xcode 14.0";
			developmentRegion = en;
			hasScannedForEncodings = 0;
			knownRegions = (
				en,
				Base,
			);
			mainGroup = 840E024C2BEF420800D23270;
			productRefGroup = 840E02562BEF420800D23270 /* Products */;
			projectDirPath = "";
			projectRoot = "";
			targets = (
				840E02542BEF420800D23270 /* pureSoftware_Demo */,
				840E02692BEF420C00D23270 /* pureSoftware_DemoTests */,
				840E02732BEF420C00D23270 /* pureSoftware_DemoUITests */,
			);
		};
/* End PBXProject section */

/* Begin PBXResourcesBuildPhase section */
		840E02532BEF420800D23270 /* Resources */ = {
			isa = PBXResourcesBuildPhase;
			buildActionMask = 2147483647;
			files = (
				840E02602BEF420C00D23270 /* Preview Assets.xcassets in Resources */,
				840E025D2BEF420C00D23270 /* Assets.xcassets in Resources */,
				841D308C2BEFEA2500D1C8EF /* pureSoftware-Demo-Info.plist in Resources */,
			);
			runOnlyForDeploymentPostprocessing = 0;
		};
		840E02682BEF420C00D23270 /* Resources */ = {
			isa = PBXResourcesBuildPhase;
			buildActionMask = 2147483647;
			files = (
				841D308F2BEFEA2B00D1C8EF /* Assets.xcassets in Resources */,
				841D30912BEFEA3200D1C8EF /* Preview Assets.xcassets in Resources */,
				841D308D2BEFEA2600D1C8EF /* pureSoftware-Demo-Info.plist in Resources */,
			);
			runOnlyForDeploymentPostprocessing = 0;
		};
		840E02722BEF420C00D23270 /* Resources */ = {
			isa = PBXResourcesBuildPhase;
			buildActionMask = 2147483647;
			files = (
				841D30902BEFEA2B00D1C8EF /* Assets.xcassets in Resources */,
				841D30922BEFEA3300D1C8EF /* Preview Assets.xcassets in Resources */,
				841D308E2BEFEA2700D1C8EF /* pureSoftware-Demo-Info.plist in Resources */,
			);
			runOnlyForDeploymentPostprocessing = 0;
		};
/* End PBXResourcesBuildPhase section */

/* Begin PBXSourcesBuildPhase section */
		840E02512BEF420800D23270 /* Sources */ = {
			isa = PBXSourcesBuildPhase;
			buildActionMask = 2147483647;
			files = (
				840E02A92BEF4A0500D23270 /* ContentView.swift in Sources */,
				840E02592BEF420800D23270 /* pureSoftware_DemoApp.swift in Sources */,
				8412B4D52BEF7A6100806457 /* pureSoftware_Demo.xcdatamodeld in Sources */,
				841D30852BEFE21500D1C8EF /* CoreDataStack.swift in Sources */,
				840E02A52BEF49DF00D23270 /* CartView.swift in Sources */,
				840E02A12BEF49C000D23270 /* ProductDetailsView.swift in Sources */,
				840E029D2BEF499400D23270 /* ProductListView.swift in Sources */,
				840E02992BEF496300D23270 /* CartViewModel.swift in Sources */,
				840E02952BEF493400D23270 /* ProductViewModel.swift in Sources */,
			);
			runOnlyForDeploymentPostprocessing = 0;
		};
		840E02662BEF420C00D23270 /* Sources */ = {
			isa = PBXSourcesBuildPhase;
			buildActionMask = 2147483647;
			files = (
				841D309B2BEFEB3500D1C8EF /* ProductViewModelTest.swift in Sources */,
				844EBCF32BEFDB730063A33D /* pureSoftware_DemoApp.swift in Sources */,
				844EBCFB2BEFDD290063A33D /* CoreDataStackTest.swift in Sources */,
				840E026F2BEF420C00D23270 /* pureSoftware_DemoTests.swift in Sources */,
				840E029A2BEF496300D23270 /* CartViewModel.swift in Sources */,
				841D30982BEFEB1F00D1C8EF /* CartViewModelTest.swift in Sources */,
				841D30A52BEFEBA500D1C8EF /* ProductDetailsViewTest.swift in Sources */,
				841D30A22BEFEB8A00D1C8EF /* ContentViewTest.swift in Sources */,
				840E029E2BEF499400D23270 /* ProductListView.swift in Sources */,
				841D30832BEFE1D500D1C8EF /* CoreDataStack.swift in Sources */,
				841D30892BEFEA0500D1C8EF /* ProductDetailsView.swift in Sources */,
				840E02AA2BEF4A0500D23270 /* ContentView.swift in Sources */,
				840E02962BEF493500D23270 /* ProductViewModel.swift in Sources */,
				841D30942BEFEAAE00D1C8EF /* pureSoftware_DemoAppTest.swift in Sources */,
				841D30A82BEFEBBC00D1C8EF /* ProductListViewTest.swift in Sources */,
				841D309F2BEFEB7300D1C8EF /* CartViewTest.swift in Sources */,
				840E02A62BEF49DF00D23270 /* CartView.swift in Sources */,
				841D30822BEFE1B000D1C8EF /* pureSoftware_Demo.xcdatamodeld in Sources */,
			);
			runOnlyForDeploymentPostprocessing = 0;
		};
		840E02702BEF420C00D23270 /* Sources */ = {
			isa = PBXSourcesBuildPhase;
			buildActionMask = 2147483647;
			files = (
				840E02A72BEF49E000D23270 /* CartView.swift in Sources */,
				840E029B2BEF496300D23270 /* CartViewModel.swift in Sources */,
				841D30A32BEFEB8A00D1C8EF /* ContentViewTest.swift in Sources */,
				841D30A02BEFEB7300D1C8EF /* CartViewTest.swift in Sources */,
				840E027B2BEF420C00D23270 /* pureSoftware_DemoUITestsLaunchTests.swift in Sources */,
				841D30882BEFE9ED00D1C8EF /* pureSoftware_Demo.xcdatamodeld in Sources */,
				841D30992BEFEB1F00D1C8EF /* CartViewModelTest.swift in Sources */,
				841D30872BEFE9C900D1C8EF /* CoreDataStack.swift in Sources */,
				841D30862BEFE90B00D1C8EF /* CoreDataStackTest.swift in Sources */,
				841D308A2BEFEA0800D1C8EF /* ProductDetailsView.swift in Sources */,
				840E029F2BEF499400D23270 /* ProductListView.swift in Sources */,
				840E02AB2BEF4A0500D23270 /* ContentView.swift in Sources */,
				841D308B2BEFEA1800D1C8EF /* pureSoftware_DemoApp.swift in Sources */,
				840E02792BEF420C00D23270 /* pureSoftware_DemoUITests.swift in Sources */,
				841D30952BEFEAAE00D1C8EF /* pureSoftware_DemoAppTest.swift in Sources */,
				841D30A62BEFEBA500D1C8EF /* ProductDetailsViewTest.swift in Sources */,
				840E02972BEF493500D23270 /* ProductViewModel.swift in Sources */,
				841D309C2BEFEB3500D1C8EF /* ProductViewModelTest.swift in Sources */,
				841D30A92BEFEBBC00D1C8EF /* ProductListViewTest.swift in Sources */,
			);
			runOnlyForDeploymentPostprocessing = 0;
		};
/* End PBXSourcesBuildPhase section */

/* Begin PBXTargetDependency section */
		840E026C2BEF420C00D23270 /* PBXTargetDependency */ = {
			isa = PBXTargetDependency;
			target = 840E02542BEF420800D23270 /* pureSoftware_Demo */;
			targetProxy = 840E026B2BEF420C00D23270 /* PBXContainerItemProxy */;
		};
		840E02762BEF420C00D23270 /* PBXTargetDependency */ = {
			isa = PBXTargetDependency;
			target = 840E02542BEF420800D23270 /* pureSoftware_Demo */;
			targetProxy = 840E02752BEF420C00D23270 /* PBXContainerItemProxy */;
		};
/* End PBXTargetDependency section */

/* Begin XCBuildConfiguration section */
		840E027C2BEF420C00D23270 /* Debug */ = {
			isa = XCBuildConfiguration;
			buildSettings = {
				ALWAYS_SEARCH_USER_PATHS = NO;
				CLANG_ANALYZER_NONNULL = YES;
				CLANG_ANALYZER_NUMBER_OBJECT_CONVERSION = YES_AGGRESSIVE;
				CLANG_CXX_LANGUAGE_STANDARD = "gnu++20";
				CLANG_ENABLE_MODULES = YES;
				CLANG_ENABLE_OBJC_ARC = YES;
				CLANG_ENABLE_OBJC_WEAK = YES;
				CLANG_WARN_BLOCK_CAPTURE_AUTORELEASING = YES;
				CLANG_WARN_BOOL_CONVERSION = YES;
				CLANG_WARN_COMMA = YES;
				CLANG_WARN_CONSTANT_CONVERSION = YES;
				CLANG_WARN_DEPRECATED_OBJC_IMPLEMENTATIONS = YES;
				CLANG_WARN_DIRECT_OBJC_ISA_USAGE = YES_ERROR;
				CLANG_WARN_DOCUMENTATION_COMMENTS = YES;
				CLANG_WARN_EMPTY_BODY = YES;
				CLANG_WARN_ENUM_CONVERSION = YES;
				CLANG_WARN_INFINITE_RECURSION = YES;
				CLANG_WARN_INT_CONVERSION = YES;
				CLANG_WARN_NON_LITERAL_NULL_CONVERSION = YES;
				CLANG_WARN_OBJC_IMPLICIT_RETAIN_SELF = YES;
				CLANG_WARN_OBJC_LITERAL_CONVERSION = YES;
				CLANG_WARN_OBJC_ROOT_CLASS = YES_ERROR;
				CLANG_WARN_QUOTED_INCLUDE_IN_FRAMEWORK_HEADER = YES;
				CLANG_WARN_RANGE_LOOP_ANALYSIS = YES;
				CLANG_WARN_STRICT_PROTOTYPES = YES;
				CLANG_WARN_SUSPICIOUS_MOVE = YES;
				CLANG_WARN_UNGUARDED_AVAILABILITY = YES_AGGRESSIVE;
				CLANG_WARN_UNREACHABLE_CODE = YES;
				CLANG_WARN__DUPLICATE_METHOD_MATCH = YES;
				COPY_PHASE_STRIP = NO;
				DEBUG_INFORMATION_FORMAT = dwarf;
				ENABLE_STRICT_OBJC_MSGSEND = YES;
				ENABLE_TESTABILITY = YES;
				GCC_C_LANGUAGE_STANDARD = gnu11;
				GCC_DYNAMIC_NO_PIC = NO;
				GCC_NO_COMMON_BLOCKS = YES;
				GCC_OPTIMIZATION_LEVEL = 0;
				GCC_PREPROCESSOR_DEFINITIONS = (
					"DEBUG=1",
					"$(inherited)",
				);
				GCC_WARN_64_TO_32_BIT_CONVERSION = YES;
				GCC_WARN_ABOUT_RETURN_TYPE = YES_ERROR;
				GCC_WARN_UNDECLARED_SELECTOR = YES;
				GCC_WARN_UNINITIALIZED_AUTOS = YES_AGGRESSIVE;
				GCC_WARN_UNUSED_FUNCTION = YES;
				GCC_WARN_UNUSED_VARIABLE = YES;
				IPHONEOS_DEPLOYMENT_TARGET = 16.2;
				MTL_ENABLE_DEBUG_INFO = INCLUDE_SOURCE;
				MTL_FAST_MATH = YES;
				ONLY_ACTIVE_ARCH = YES;
				SDKROOT = iphoneos;
				SWIFT_ACTIVE_COMPILATION_CONDITIONS = DEBUG;
				SWIFT_OPTIMIZATION_LEVEL = "-Onone";
			};
			name = Debug;
		};
		840E027D2BEF420C00D23270 /* Release */ = {
			isa = XCBuildConfiguration;
			buildSettings = {
				ALWAYS_SEARCH_USER_PATHS = NO;
				CLANG_ANALYZER_NONNULL = YES;
				CLANG_ANALYZER_NUMBER_OBJECT_CONVERSION = YES_AGGRESSIVE;
				CLANG_CXX_LANGUAGE_STANDARD = "gnu++20";
				CLANG_ENABLE_MODULES = YES;
				CLANG_ENABLE_OBJC_ARC = YES;
				CLANG_ENABLE_OBJC_WEAK = YES;
				CLANG_WARN_BLOCK_CAPTURE_AUTORELEASING = YES;
				CLANG_WARN_BOOL_CONVERSION = YES;
				CLANG_WARN_COMMA = YES;
				CLANG_WARN_CONSTANT_CONVERSION = YES;
				CLANG_WARN_DEPRECATED_OBJC_IMPLEMENTATIONS = YES;
				CLANG_WARN_DIRECT_OBJC_ISA_USAGE = YES_ERROR;
				CLANG_WARN_DOCUMENTATION_COMMENTS = YES;
				CLANG_WARN_EMPTY_BODY = YES;
				CLANG_WARN_ENUM_CONVERSION = YES;
				CLANG_WARN_INFINITE_RECURSION = YES;
				CLANG_WARN_INT_CONVERSION = YES;
				CLANG_WARN_NON_LITERAL_NULL_CONVERSION = YES;
				CLANG_WARN_OBJC_IMPLICIT_RETAIN_SELF = YES;
				CLANG_WARN_OBJC_LITERAL_CONVERSION = YES;
				CLANG_WARN_OBJC_ROOT_CLASS = YES_ERROR;
				CLANG_WARN_QUOTED_INCLUDE_IN_FRAMEWORK_HEADER = YES;
				CLANG_WARN_RANGE_LOOP_ANALYSIS = YES;
				CLANG_WARN_STRICT_PROTOTYPES = YES;
				CLANG_WARN_SUSPICIOUS_MOVE = YES;
				CLANG_WARN_UNGUARDED_AVAILABILITY = YES_AGGRESSIVE;
				CLANG_WARN_UNREACHABLE_CODE = YES;
				CLANG_WARN__DUPLICATE_METHOD_MATCH = YES;
				COPY_PHASE_STRIP = NO;
				DEBUG_INFORMATION_FORMAT = "dwarf-with-dsym";
				ENABLE_NS_ASSERTIONS = NO;
				ENABLE_STRICT_OBJC_MSGSEND = YES;
				GCC_C_LANGUAGE_STANDARD = gnu11;
				GCC_NO_COMMON_BLOCKS = YES;
				GCC_WARN_64_TO_32_BIT_CONVERSION = YES;
				GCC_WARN_ABOUT_RETURN_TYPE = YES_ERROR;
				GCC_WARN_UNDECLARED_SELECTOR = YES;
				GCC_WARN_UNINITIALIZED_AUTOS = YES_AGGRESSIVE;
				GCC_WARN_UNUSED_FUNCTION = YES;
				GCC_WARN_UNUSED_VARIABLE = YES;
				IPHONEOS_DEPLOYMENT_TARGET = 16.2;
				MTL_ENABLE_DEBUG_INFO = NO;
				MTL_FAST_MATH = YES;
				SDKROOT = iphoneos;
				SWIFT_COMPILATION_MODE = wholemodule;
				SWIFT_OPTIMIZATION_LEVEL = "-O";
				VALIDATE_PRODUCT = YES;
			};
			name = Release;
		};
		840E027F2BEF420C00D23270 /* Debug */ = {
			isa = XCBuildConfiguration;
			buildSettings = {
				ASSETCATALOG_COMPILER_APPICON_NAME = AppIcon;
				ASSETCATALOG_COMPILER_GLOBAL_ACCENT_COLOR_NAME = AccentColor;
				CODE_SIGN_STYLE = Automatic;
				CURRENT_PROJECT_VERSION = 1;
				DEVELOPMENT_ASSET_PATHS = "\"pureSoftware_Demo/Preview Content\"";
				DEVELOPMENT_TEAM = 497YQKMDUF;
				ENABLE_PREVIEWS = YES;
				GENERATE_INFOPLIST_FILE = YES;
				INFOPLIST_FILE = "pureSoftware-Demo-Info.plist";
				INFOPLIST_KEY_UIApplicationSupportsIndirectInputEvents = YES;
				INFOPLIST_KEY_UILaunchScreen_Generation = YES;
				INFOPLIST_KEY_UISupportedInterfaceOrientations_iPad = "UIInterfaceOrientationPortrait UIInterfaceOrientationPortraitUpsideDown UIInterfaceOrientationLandscapeLeft UIInterfaceOrientationLandscapeRight";
				INFOPLIST_KEY_UISupportedInterfaceOrientations_iPhone = "UIInterfaceOrientationPortrait UIInterfaceOrientationLandscapeLeft UIInterfaceOrientationLandscapeRight";
				LD_RUNPATH_SEARCH_PATHS = (
					"$(inherited)",
					"@executable_path/Frameworks",
				);
				MARKETING_VERSION = 1.0;
				PRODUCT_BUNDLE_IDENTIFIER = "com.puresoftware.app.pureSoftware-Demo";
				PRODUCT_NAME = "$(TARGET_NAME)";
				SWIFT_EMIT_LOC_STRINGS = YES;
				SWIFT_VERSION = 5.0;
				TARGETED_DEVICE_FAMILY = "1,2";
			};
			name = Debug;
		};
		840E02802BEF420C00D23270 /* Release */ = {
			isa = XCBuildConfiguration;
			buildSettings = {
				ASSETCATALOG_COMPILER_APPICON_NAME = AppIcon;
				ASSETCATALOG_COMPILER_GLOBAL_ACCENT_COLOR_NAME = AccentColor;
				CODE_SIGN_STYLE = Automatic;
				CURRENT_PROJECT_VERSION = 1;
				DEVELOPMENT_ASSET_PATHS = "\"pureSoftware_Demo/Preview Content\"";
				DEVELOPMENT_TEAM = 497YQKMDUF;
				ENABLE_PREVIEWS = YES;
				GENERATE_INFOPLIST_FILE = YES;
				INFOPLIST_FILE = "pureSoftware-Demo-Info.plist";
				INFOPLIST_KEY_UIApplicationSupportsIndirectInputEvents = YES;
				INFOPLIST_KEY_UILaunchScreen_Generation = YES;
				INFOPLIST_KEY_UISupportedInterfaceOrientations_iPad = "UIInterfaceOrientationPortrait UIInterfaceOrientationPortraitUpsideDown UIInterfaceOrientationLandscapeLeft UIInterfaceOrientationLandscapeRight";
				INFOPLIST_KEY_UISupportedInterfaceOrientations_iPhone = "UIInterfaceOrientationPortrait UIInterfaceOrientationLandscapeLeft UIInterfaceOrientationLandscapeRight";
				LD_RUNPATH_SEARCH_PATHS = (
					"$(inherited)",
					"@executable_path/Frameworks",
				);
				MARKETING_VERSION = 1.0;
				PRODUCT_BUNDLE_IDENTIFIER = "com.puresoftware.app.pureSoftware-Demo";
				PRODUCT_NAME = "$(TARGET_NAME)";
				SWIFT_EMIT_LOC_STRINGS = YES;
				SWIFT_VERSION = 5.0;
				TARGETED_DEVICE_FAMILY = "1,2";
			};
			name = Release;
		};
		840E02822BEF420C00D23270 /* Debug */ = {
			isa = XCBuildConfiguration;
			buildSettings = {
				ALWAYS_EMBED_SWIFT_STANDARD_LIBRARIES = YES;
				BUNDLE_LOADER = "$(TEST_HOST)";
				CODE_SIGN_STYLE = Automatic;
				CURRENT_PROJECT_VERSION = 1;
				DEVELOPMENT_TEAM = 497YQKMDUF;
				GENERATE_INFOPLIST_FILE = YES;
				IPHONEOS_DEPLOYMENT_TARGET = 16.2;
				MARKETING_VERSION = 1.0;
				PRODUCT_BUNDLE_IDENTIFIER = "com.puresoftware.app.pureSoftware-DemoTests";
				PRODUCT_NAME = "$(TARGET_NAME)";
				SWIFT_EMIT_LOC_STRINGS = NO;
				SWIFT_VERSION = 5.0;
				TARGETED_DEVICE_FAMILY = "1,2";
				TEST_HOST = "$(BUILT_PRODUCTS_DIR)/pureSoftware_Demo.app/$(BUNDLE_EXECUTABLE_FOLDER_PATH)/pureSoftware_Demo";
			};
			name = Debug;
		};
		840E02832BEF420C00D23270 /* Release */ = {
			isa = XCBuildConfiguration;
			buildSettings = {
				ALWAYS_EMBED_SWIFT_STANDARD_LIBRARIES = YES;
				BUNDLE_LOADER = "$(TEST_HOST)";
				CODE_SIGN_STYLE = Automatic;
				CURRENT_PROJECT_VERSION = 1;
				DEVELOPMENT_TEAM = 497YQKMDUF;
				GENERATE_INFOPLIST_FILE = YES;
				IPHONEOS_DEPLOYMENT_TARGET = 16.2;
				MARKETING_VERSION = 1.0;
				PRODUCT_BUNDLE_IDENTIFIER = "com.puresoftware.app.pureSoftware-DemoTests";
				PRODUCT_NAME = "$(TARGET_NAME)";
				SWIFT_EMIT_LOC_STRINGS = NO;
				SWIFT_VERSION = 5.0;
				TARGETED_DEVICE_FAMILY = "1,2";
				TEST_HOST = "$(BUILT_PRODUCTS_DIR)/pureSoftware_Demo.app/$(BUNDLE_EXECUTABLE_FOLDER_PATH)/pureSoftware_Demo";
			};
			name = Release;
		};
		840E02852BEF420C00D23270 /* Debug */ = {
			isa = XCBuildConfiguration;
			buildSettings = {
				ALWAYS_EMBED_SWIFT_STANDARD_LIBRARIES = YES;
				CODE_SIGN_STYLE = Automatic;
				CURRENT_PROJECT_VERSION = 1;
				DEVELOPMENT_TEAM = 497YQKMDUF;
				GENERATE_INFOPLIST_FILE = YES;
				MARKETING_VERSION = 1.0;
				PRODUCT_BUNDLE_IDENTIFIER = "com.puresoftware.app.pureSoftware-DemoUITests";
				PRODUCT_NAME = "$(TARGET_NAME)";
				SWIFT_EMIT_LOC_STRINGS = NO;
				SWIFT_VERSION = 5.0;
				TARGETED_DEVICE_FAMILY = "1,2";
				TEST_TARGET_NAME = pureSoftware_Demo;
			};
			name = Debug;
		};
		840E02862BEF420C00D23270 /* Release */ = {
			isa = XCBuildConfiguration;
			buildSettings = {
				ALWAYS_EMBED_SWIFT_STANDARD_LIBRARIES = YES;
				CODE_SIGN_STYLE = Automatic;
				CURRENT_PROJECT_VERSION = 1;
				DEVELOPMENT_TEAM = 497YQKMDUF;
				GENERATE_INFOPLIST_FILE = YES;
				MARKETING_VERSION = 1.0;
				PRODUCT_BUNDLE_IDENTIFIER = "com.puresoftware.app.pureSoftware-DemoUITests";
				PRODUCT_NAME = "$(TARGET_NAME)";
				SWIFT_EMIT_LOC_STRINGS = NO;
				SWIFT_VERSION = 5.0;
				TARGETED_DEVICE_FAMILY = "1,2";
				TEST_TARGET_NAME = pureSoftware_Demo;
			};
			name = Release;
		};
/* End XCBuildConfiguration section */

/* Begin XCConfigurationList section */
		840E02502BEF420800D23270 /* Build configuration list for PBXProject "pureSoftware_Demo" */ = {
			isa = XCConfigurationList;
			buildConfigurations = (
				840E027C2BEF420C00D23270 /* Debug */,
				840E027D2BEF420C00D23270 /* Release */,
			);
			defaultConfigurationIsVisible = 0;
			defaultConfigurationName = Release;
		};
		840E027E2BEF420C00D23270 /* Build configuration list for PBXNativeTarget "pureSoftware_Demo" */ = {
			isa = XCConfigurationList;
			buildConfigurations = (
				840E027F2BEF420C00D23270 /* Debug */,
				840E02802BEF420C00D23270 /* Release */,
			);
			defaultConfigurationIsVisible = 0;
			defaultConfigurationName = Release;
		};
		840E02812BEF420C00D23270 /* Build configuration list for PBXNativeTarget "pureSoftware_DemoTests" */ = {
			isa = XCConfigurationList;
			buildConfigurations = (
				840E02822BEF420C00D23270 /* Debug */,
				840E02832BEF420C00D23270 /* Release */,
			);
			defaultConfigurationIsVisible = 0;
			defaultConfigurationName = Release;
		};
		840E02842BEF420C00D23270 /* Build configuration list for PBXNativeTarget "pureSoftware_DemoUITests" */ = {
			isa = XCConfigurationList;
			buildConfigurations = (
				840E02852BEF420C00D23270 /* Debug */,
				840E02862BEF420C00D23270 /* Release */,
			);
			defaultConfigurationIsVisible = 0;
			defaultConfigurationName = Release;
		};
/* End XCConfigurationList section */

/* Begin XCVersionGroup section */
		840E02632BEF420C00D23270 /* pureSoftware_Demo.xcdatamodeld */ = {
			isa = XCVersionGroup;
			children = (
				840E02642BEF420C00D23270 /* pureSoftware_Demo.xcdatamodel */,
			);
			currentVersion = 840E02642BEF420C00D23270 /* pureSoftware_Demo.xcdatamodel */;
			path = pureSoftware_Demo.xcdatamodeld;
			sourceTree = "<group>";
			versionGroupType = wrapper.xcdatamodel;
		};
/* End XCVersionGroup section */
	};
	rootObject = 840E024D2BEF420800D23270 /* Project object */;
}
